// !$*UTF8*$!
{
	archiveVersion = 1;
	classes = {
	};
	objectVersion = 50;
	objects = {

/* Begin PBXBuildFile section */
		844087ED247D6247004A2E50 /* AppDelegate.m in Sources */ = {isa = PBXBuildFile; fileRef = 844087EC247D6247004A2E50 /* AppDelegate.m */; };
		844087F0247D6247004A2E50 /* SceneDelegate.m in Sources */ = {isa = PBXBuildFile; fileRef = 844087EF247D6247004A2E50 /* SceneDelegate.m */; };
		844087F3247D6247004A2E50 /* ViewController.m in Sources */ = {isa = PBXBuildFile; fileRef = 844087F2247D6247004A2E50 /* ViewController.m */; };
		844087F6247D6247004A2E50 /* Main.storyboard in Resources */ = {isa = PBXBuildFile; fileRef = 844087F4247D6247004A2E50 /* Main.storyboard */; };
		844087F8247D624D004A2E50 /* Assets.xcassets in Resources */ = {isa = PBXBuildFile; fileRef = 844087F7247D624D004A2E50 /* Assets.xcassets */; };
		844087FB247D624D004A2E50 /* LaunchScreen.storyboard in Resources */ = {isa = PBXBuildFile; fileRef = 844087F9247D624D004A2E50 /* LaunchScreen.storyboard */; };
		844087FE247D624E004A2E50 /* main.m in Sources */ = {isa = PBXBuildFile; fileRef = 844087FD247D624E004A2E50 /* main.m */; };
/* End PBXBuildFile section */

/* Begin PBXFileReference section */
		844087E8247D6247004A2E50 /* objchelloworld2.app */ = {isa = PBXFileReference; explicitFileType = wrapper.application; includeInIndex = 0; path = objchelloworld2.app; sourceTree = BUILT_PRODUCTS_DIR; };
		844087EB247D6247004A2E50 /* AppDelegate.h */ = {isa = PBXFileReference; lastKnownFileType = sourcecode.c.h; path = AppDelegate.h; sourceTree = "<group>"; };
		844087EC247D6247004A2E50 /* AppDelegate.m */ = {isa = PBXFileReference; lastKnownFileType = sourcecode.c.objc; path = AppDelegate.m; sourceTree = "<group>"; };
		844087EE247D6247004A2E50 /* SceneDelegate.h */ = {isa = PBXFileReference; lastKnownFileType = sourcecode.c.h; path = SceneDelegate.h; sourceTree = "<group>"; };
		844087EF247D6247004A2E50 /* SceneDelegate.m */ = {isa = PBXFileReference; lastKnownFileType = sourcecode.c.objc; path = SceneDelegate.m; sourceTree = "<group>"; };
		844087F1247D6247004A2E50 /* ViewController.h */ = {isa = PBXFileReference; lastKnownFileType = sourcecode.c.h; path = ViewController.h; sourceTree = "<group>"; };
		844087F2247D6247004A2E50 /* ViewController.m */ = {isa = PBXFileReference; lastKnownFileType = sourcecode.c.objc; path = ViewController.m; sourceTree = "<group>"; };
		844087F5247D6247004A2E50 /* Base */ = {isa = PBXFileReference; lastKnownFileType = file.storyboard; name = Base; path = Base.lproj/Main.storyboard; sourceTree = "<group>"; };
		844087F7247D624D004A2E50 /* Assets.xcassets */ = {isa = PBXFileReference; lastKnownFileType = folder.assetcatalog; path = Assets.xcassets; sourceTree = "<group>"; };
		844087FA247D624D004A2E50 /* Base */ = {isa = PBXFileReference; lastKnownFileType = file.storyboard; name = Base; path = Base.lproj/LaunchScreen.storyboard; sourceTree = "<group>"; };
		844087FC247D624E004A2E50 /* Info.plist */ = {isa = PBXFileReference; lastKnownFileType = text.plist.xml; path = Info.plist; sourceTree = "<group>"; };
		844087FD247D624E004A2E50 /* main.m */ = {isa = PBXFileReference; lastKnownFileType = sourcecode.c.objc; path = main.m; sourceTree = "<group>"; };
/* End PBXFileReference section */

/* Begin PBXFrameworksBuildPhase section */
		844087E5247D6247004A2E50 /* Frameworks */ = {
			isa = PBXFrameworksBuildPhase;
			buildActionMask = 2147483647;
			files = (
			);
			runOnlyForDeploymentPostprocessing = 0;
		};
/* End PBXFrameworksBuildPhase section */

/* Begin PBXGroup section */
		844087DF247D6247004A2E50 = {
			isa = PBXGroup;
			children = (
				844087EA247D6247004A2E50 /* objchelloworld2 */,
				844087E9247D6247004A2E50 /* Products */,
			);
			sourceTree = "<group>";
		};
		844087E9247D6247004A2E50 /* Products */ = {
			isa = PBXGroup;
			children = (
				844087E8247D6247004A2E50 /* objchelloworld2.app */,
			);
			name = Products;
			sourceTree = "<group>";
		};
		844087EA247D6247004A2E50 /* objchelloworld2 */ = {
			isa = PBXGroup;
			children = (
				844087EB247D6247004A2E50 /* AppDelegate.h */,
				844087EC247D6247004A2E50 /* AppDelegate.m */,
				844087EE247D6247004A2E50 /* SceneDelegate.h */,
				844087EF247D6247004A2E50 /* SceneDelegate.m */,
				844087F1247D6247004A2E50 /* ViewController.h */,
				844087F2247D6247004A2E50 /* ViewController.m */,
				844087F4247D6247004A2E50 /* Main.storyboard */,
				844087F7247D624D004A2E50 /* Assets.xcassets */,
				844087F9247D624D004A2E50 /* LaunchScreen.storyboard */,
				844087FC247D624E004A2E50 /* Info.plist */,
				844087FD247D624E004A2E50 /* main.m */,
			);
			path = objchelloworld2;
			sourceTree = "<group>";
		};
/* End PBXGroup section */

/* Begin PBXNativeTarget section */
		844087E7247D6247004A2E50 /* objchelloworld2 */ = {
			isa = PBXNativeTarget;
			buildConfigurationList = 84408801247D624E004A2E50 /* Build configuration list for PBXNativeTarget "objchelloworld2" */;
			buildPhases = (
				844087E4247D6247004A2E50 /* Sources */,
				844087E5247D6247004A2E50 /* Frameworks */,
				844087E6247D6247004A2E50 /* Resources */,
			);
			buildRules = (
			);
			dependencies = (
			);
			name = objchelloworld2;
			productName = objchelloworld2;
			productReference = 844087E8247D6247004A2E50 /* objchelloworld2.app */;
			productType = "com.apple.product-type.application";
		};
/* End PBXNativeTarget section */

/* Begin PBXProject section */
		844087E0247D6247004A2E50 /* Project object */ = {
			isa = PBXProject;
			attributes = {
				LastUpgradeCheck = 1140;
				ORGANIZATIONNAME = voytin;
				TargetAttributes = {
					844087E7247D6247004A2E50 = {
						CreatedOnToolsVersion = 11.4.1;
					};
				};
			};
			buildConfigurationList = 844087E3247D6247004A2E50 /* Build configuration list for PBXProject "objchelloworld2" */;
			compatibilityVersion = "Xcode 9.3";
			developmentRegion = en;
			hasScannedForEncodings = 0;
			knownRegions = (
				en,
				Base,
			);
			mainGroup = 844087DF247D6247004A2E50;
			productRefGroup = 844087E9247D6247004A2E50 /* Products */;
			projectDirPath = "";
			projectRoot = "";
			targets = (
				844087E7247D6247004A2E50 /* objchelloworld2 */,
			);
		};
/* End PBXProject section */

/* Begin PBXResourcesBuildPhase section */
		844087E6247D6247004A2E50 /* Resources */ = {
			isa = PBXResourcesBuildPhase;
			buildActionMask = 2147483647;
			files = (
				844087FB247D624D004A2E50 /* LaunchScreen.storyboard in Resources */,
				844087F8247D624D004A2E50 /* Assets.xcassets in Resources */,
				844087F6247D6247004A2E50 /* Main.storyboard in Resources */,
			);
			runOnlyForDeploymentPostprocessing = 0;
		};
/* End PBXResourcesBuildPhase section */

/* Begin PBXSourcesBuildPhase section */
		844087E4247D6247004A2E50 /* Sources */ = {
			isa = PBXSourcesBuildPhase;
			buildActionMask = 2147483647;
			files = (
				844087F3247D6247004A2E50 /* ViewController.m in Sources */,
				844087ED247D6247004A2E50 /* AppDelegate.m in Sources */,
				844087FE247D624E004A2E50 /* main.m in Sources */,
				844087F0247D6247004A2E50 /* SceneDelegate.m in Sources */,
			);
			runOnlyForDeploymentPostprocessing = 0;
		};
/* End PBXSourcesBuildPhase section */

/* Begin PBXVariantGroup section */
		844087F4247D6247004A2E50 /* Main.storyboard */ = {
			isa = PBXVariantGroup;
			children = (
				844087F5247D6247004A2E50 /* Base */,
			);
			name = Main.storyboard;
			sourceTree = "<group>";
		};
		844087F9247D624D004A2E50 /* LaunchScreen.storyboard */ = {
			isa = PBXVariantGroup;
			children = (
				844087FA247D624D004A2E50 /* Base */,
			);
			name = LaunchScreen.storyboard;
			sourceTree = "<group>";
		};
/* End PBXVariantGroup section */

/* Begin XCBuildConfiguration section */
		844087FF247D624E004A2E50 /* Debug */ = {
			isa = XCBuildConfiguration;
			buildSettings = {
				ALWAYS_SEARCH_USER_PATHS = NO;
				CLANG_ANALYZER_NONNULL = YES;
				CLANG_ANALYZER_NUMBER_OBJECT_CONVERSION = YES_AGGRESSIVE;
				CLANG_CXX_LANGUAGE_STANDARD = "gnu++14";
				CLANG_CXX_LIBRARY = "libc++";
				CLANG_ENABLE_MODULES = YES;
				CLANG_ENABLE_OBJC_ARC = YES;
				CLANG_ENABLE_OBJC_WEAK = YES;
				CLANG_WARN_BLOCK_CAPTURE_AUTORELEASING = YES;
				CLANG_WARN_BOOL_CONVERSION = YES;
				CLANG_WARN_COMMA = YES;
				CLANG_WARN_CONSTANT_CONVERSION = YES;
				CLANG_WARN_DEPRECATED_OBJC_IMPLEMENTATIONS = YES;
				CLANG_WARN_DIRECT_OBJC_ISA_USAGE = YES_ERROR;
				CLANG_WARN_DOCUMENTATION_COMMENTS = YES;
				CLANG_WARN_EMPTY_BODY = YES;
				CLANG_WARN_ENUM_CONVERSION = YES;
				CLANG_WARN_INFINITE_RECURSION = YES;
				CLANG_WARN_INT_CONVERSION = YES;
				CLANG_WARN_NON_LITERAL_NULL_CONVERSION = YES;
				CLANG_WARN_OBJC_IMPLICIT_RETAIN_SELF = YES;
				CLANG_WARN_OBJC_LITERAL_CONVERSION = YES;
				CLANG_WARN_OBJC_ROOT_CLASS = YES_ERROR;
				CLANG_WARN_RANGE_LOOP_ANALYSIS = YES;
				CLANG_WARN_STRICT_PROTOTYPES = YES;
				CLANG_WARN_SUSPICIOUS_MOVE = YES;
				CLANG_WARN_UNGUARDED_AVAILABILITY = YES_AGGRESSIVE;
				CLANG_WARN_UNREACHABLE_CODE = YES;
				CLANG_WARN__DUPLICATE_METHOD_MATCH = YES;
				COPY_PHASE_STRIP = NO;
				DEBUG_INFORMATION_FORMAT = dwarf;
				ENABLE_STRICT_OBJC_MSGSEND = YES;
				ENABLE_TESTABILITY = YES;
				GCC_C_LANGUAGE_STANDARD = gnu11;
				GCC_DYNAMIC_NO_PIC = NO;
				GCC_NO_COMMON_BLOCKS = YES;
				GCC_OPTIMIZATION_LEVEL = 0;
				GCC_PREPROCESSOR_DEFINITIONS = (
					"DEBUG=1",
					"$(inherited)",
				);
				GCC_WARN_64_TO_32_BIT_CONVERSION = YES;
				GCC_WARN_ABOUT_RETURN_TYPE = YES_ERROR;
				GCC_WARN_UNDECLARED_SELECTOR = YES;
				GCC_WARN_UNINITIALIZED_AUTOS = YES_AGGRESSIVE;
				GCC_WARN_UNUSED_FUNCTION = YES;
				GCC_WARN_UNUSED_VARIABLE = YES;
				IPHONEOS_DEPLOYMENT_TARGET = 13.4;
				MTL_ENABLE_DEBUG_INFO = INCLUDE_SOURCE;
				MTL_FAST_MATH = YES;
				ONLY_ACTIVE_ARCH = YES;
				SDKROOT = iphoneos;
			};
			name = Debug;
		};
		84408800247D624E004A2E50 /* Release */ = {
			isa = XCBuildConfiguration;
			buildSettings = {
				ALWAYS_SEARCH_USER_PATHS = NO;
				CLANG_ANALYZER_NONNULL = YES;
				CLANG_ANALYZER_NUMBER_OBJECT_CONVERSION = YES_AGGRESSIVE;
				CLANG_CXX_LANGUAGE_STANDARD = "gnu++14";
				CLANG_CXX_LIBRARY = "libc++";
				CLANG_ENABLE_MODULES = YES;
				CLANG_ENABLE_OBJC_ARC = YES;
				CLANG_ENABLE_OBJC_WEAK = YES;
				CLANG_WARN_BLOCK_CAPTURE_AUTORELEASING = YES;
				CLANG_WARN_BOOL_CONVERSION = YES;
				CLANG_WARN_COMMA = YES;
				CLANG_WARN_CONSTANT_CONVERSION = YES;
				CLANG_WARN_DEPRECATED_OBJC_IMPLEMENTATIONS = YES;
				CLANG_WARN_DIRECT_OBJC_ISA_USAGE = YES_ERROR;
				CLANG_WARN_DOCUMENTATION_COMMENTS = YES;
				CLANG_WARN_EMPTY_BODY = YES;
				CLANG_WARN_ENUM_CONVERSION = YES;
				CLANG_WARN_INFINITE_RECURSION = YES;
				CLANG_WARN_INT_CONVERSION = YES;
				CLANG_WARN_NON_LITERAL_NULL_CONVERSION = YES;
				CLANG_WARN_OBJC_IMPLICIT_RETAIN_SELF = YES;
				CLANG_WARN_OBJC_LITERAL_CONVERSION = YES;
				CLANG_WARN_OBJC_ROOT_CLASS = YES_ERROR;
				CLANG_WARN_RANGE_LOOP_ANALYSIS = YES;
				CLANG_WARN_STRICT_PROTOTYPES = YES;
				CLANG_WARN_SUSPICIOUS_MOVE = YES;
				CLANG_WARN_UNGUARDED_AVAILABILITY = YES_AGGRESSIVE;
				CLANG_WARN_UNREACHABLE_CODE = YES;
				CLANG_WARN__DUPLICATE_METHOD_MATCH = YES;
				COPY_PHASE_STRIP = NO;
				DEBUG_INFORMATION_FORMAT = "dwarf-with-dsym";
				ENABLE_NS_ASSERTIONS = NO;
				ENABLE_STRICT_OBJC_MSGSEND = YES;
				GCC_C_LANGUAGE_STANDARD = gnu11;
				GCC_NO_COMMON_BLOCKS = YES;
				GCC_WARN_64_TO_32_BIT_CONVERSION = YES;
				GCC_WARN_ABOUT_RETURN_TYPE = YES_ERROR;
				GCC_WARN_UNDECLARED_SELECTOR = YES;
				GCC_WARN_UNINITIALIZED_AUTOS = YES_AGGRESSIVE;
				GCC_WARN_UNUSED_FUNCTION = YES;
				GCC_WARN_UNUSED_VARIABLE = YES;
				IPHONEOS_DEPLOYMENT_TARGET = 13.4;
				MTL_ENABLE_DEBUG_INFO = NO;
				MTL_FAST_MATH = YES;
				SDKROOT = iphoneos;
				VALIDATE_PRODUCT = YES;
			};
			name = Release;
		};
		84408802247D624E004A2E50 /* Debug */ = {
			isa = XCBuildConfiguration;
			buildSettings = {
				ASSETCATALOG_COMPILER_APPICON_NAME = AppIcon;
				CODE_SIGN_STYLE = Automatic;
				DEVELOPMENT_TEAM = ZSTRAT4UQM;
				INFOPLIST_FILE = objchelloworld2/Info.plist;
				LD_RUNPATH_SEARCH_PATHS = (
					"$(inherited)",
					"@executable_path/Frameworks",
				);
				PRODUCT_BUNDLE_IDENTIFIER = voytin.objchelloworld2;
				PRODUCT_NAME = "$(TARGET_NAME)";
				TARGETED_DEVICE_FAMILY = "1,2";
			};
			name = Debug;
		};
		84408803247D624E004A2E50 /* Release */ = {
			isa = XCBuildConfiguration;
			buildSettings = {
				ASSETCATALOG_COMPILER_APPICON_NAME = AppIcon;
				CODE_SIGN_STYLE = Automatic;
				DEVELOPMENT_TEAM = ZSTRAT4UQM;
				INFOPLIST_FILE = objchelloworld2/Info.plist;
				LD_RUNPATH_SEARCH_PATHS = (
					"$(inherited)",
					"@executable_path/Frameworks",
				);
				PRODUCT_BUNDLE_IDENTIFIER = voytin.objchelloworld2;
				PRODUCT_NAME = "$(TARGET_NAME)";
				TARGETED_DEVICE_FAMILY = "1,2";
			};
			name = Release;
		};
/* End XCBuildConfiguration section */

/* Begin XCConfigurationList section */
		844087E3247D6247004A2E50 /* Build configuration list for PBXProject "objchelloworld2" */ = {
			isa = XCConfigurationList;
			buildConfigurations = (
				844087FF247D624E004A2E50 /* Debug */,
				84408800247D624E004A2E50 /* Release */,
			);
			defaultConfigurationIsVisible = 0;
			defaultConfigurationName = Release;
		};
		84408801247D624E004A2E50 /* Build configuration list for PBXNativeTarget "objchelloworld2" */ = {
			isa = XCConfigurationList;
			buildConfigurations = (
				84408802247D624E004A2E50 /* Debug */,
				84408803247D624E004A2E50 /* Release */,
			);
			defaultConfigurationIsVisible = 0;
			defaultConfigurationName = Release;
		};
/* End XCConfigurationList section */
	};
	rootObject = 844087E0247D6247004A2E50 /* Project object */;
}
